
Microsoft Visual Studio Solution File, Format Version 12.00
# Visual Studio Version 17
VisualStudioVersion = 17.7.34221.43
MinimumVisualStudioVersion = 10.0.40219.1
Project("{FAE04EC0-301F-11D3-BF4B-00C04F79EFBC}") = "Uygulama2Sayfa124", "Uygulama2Sayfa124\Uygulama2Sayfa124.csproj", "{A7CAEA51-4239-4F69-B0B4-B87A2B7281AF}"
EndProject
Global
	GlobalSection(SolutionConfigurationPlatforms) = preSolution
		Debug|Any CPU = Debug|Any CPU
		Release|Any CPU = Release|Any CPU
	EndGlobalSection
	GlobalSection(ProjectConfigurationPlatforms) = postSolution
		{A7CAEA51-4239-4F69-B0B4-B87A2B7281AF}.Debug|Any CPU.ActiveCfg = Debug|Any CPU
		{A7CAEA51-4239-4F69-B0B4-B87A2B7281AF}.Debug|Any CPU.Build.0 = Debug|Any CPU
		{A7CAEA51-4239-4F69-B0B4-B87A2B7281AF}.Release|Any CPU.ActiveCfg = Release|Any CPU
		{A7CAEA51-4239-4F69-B0B4-B87A2B7281AF}.Release|Any CPU.Build.0 = Release|Any CPU
	EndGlobalSection
	GlobalSection(SolutionProperties) = preSolution
		HideSolutionNode = FALSE
	EndGlobalSection
	GlobalSection(ExtensibilityGlobals) = postSolution
		SolutionGuid = {E8BD4119-5C70-480D-8E6A-AD7330F174F7}
	EndGlobalSection
EndGlobal
